
Microsoft Visual Studio Solution File, Format Version 12.00
# Visual Studio Version 17
VisualStudioVersion = 17.11.35327.3
MinimumVisualStudioVersion = 10.0.40219.1
Project("{FAE04EC0-301F-11D3-BF4B-00C04F79EFBC}") = "WindowsFormsApp7", "WindowsFormsApp7\WindowsFormsApp7.csproj", "{D79AEA06-D77B-4A14-861A-891C9E382733}"
EndProject
Global
	GlobalSection(SolutionConfigurationPlatforms) = preSolution
		Debug|Any CPU = Debug|Any CPU
		Release|Any CPU = Release|Any CPU
	EndGlobalSection
	GlobalSection(ProjectConfigurationPlatforms) = postSolution
		{D79AEA06-D77B-4A14-861A-891C9E382733}.Debug|Any CPU.ActiveCfg = Debug|Any CPU
		{D79AEA06-D77B-4A14-861A-891C9E382733}.Debug|Any CPU.Build.0 = Debug|Any CPU
		{D79AEA06-D77B-4A14-861A-891C9E382733}.Release|Any CPU.ActiveCfg = Release|Any CPU
		{D79AEA06-D77B-4A14-861A-891C9E382733}.Release|Any CPU.Build.0 = Release|Any CPU
	EndGlobalSection
	GlobalSection(SolutionProperties) = preSolution
		HideSolutionNode = FALSE
	EndGlobalSection
	GlobalSection(ExtensibilityGlobals) = postSolution
		SolutionGuid = {87B416BF-A878-43D3-BFBB-C82EF828E745}
	EndGlobalSection
EndGlobal
